// !$*UTF8*$!
{
	archiveVersion = 1;
	classes = {
	};
	objectVersion = 46;
	objects = {

/* Begin PBXBuildFile section */
		D31F58B51C1F5DAF00A3E3B9 /* GoFishUITests.m in Sources */ = {isa = PBXBuildFile; fileRef = D31F58B41C1F5DAF00A3E3B9 /* GoFishUITests.m */; };
		D31F58CA1C1F5EA100A3E3B9 /* PlayingCardTests.m in Sources */ = {isa = PBXBuildFile; fileRef = D31F58C91C1F5EA100A3E3B9 /* PlayingCardTests.m */; };
		D31F58CF1C1F5F9500A3E3B9 /* AFNetworking.framework in Frameworks */ = {isa = PBXBuildFile; fileRef = D31F58CE1C1F5F9500A3E3B9 /* AFNetworking.framework */; };
		D31F58D41C1F631900A3E3B9 /* RespositoryTests.m in Sources */ = {isa = PBXBuildFile; fileRef = D31F58D31C1F631900A3E3B9 /* RespositoryTests.m */; };
		D31F58D71C1F644400A3E3B9 /* AFNetworking.framework in Frameworks */ = {isa = PBXBuildFile; fileRef = D31F58CE1C1F5F9500A3E3B9 /* AFNetworking.framework */; };
		D31F58DC1C1F6E9800A3E3B9 /* PlayerTests.m in Sources */ = {isa = PBXBuildFile; fileRef = D31F58DB1C1F6E9800A3E3B9 /* PlayerTests.m */; };
		D31F58E41C20764500A3E3B9 /* MatchPerspectiveTests.m in Sources */ = {isa = PBXBuildFile; fileRef = D31F58E31C20764500A3E3B9 /* MatchPerspectiveTests.m */; };
		D31F58E91C21CF0C00A3E3B9 /* match_json_fixture.json in Resources */ = {isa = PBXBuildFile; fileRef = D31F58E81C21CF0C00A3E3B9 /* match_json_fixture.json */; };
		D31F58FD1C21D78500A3E3B9 /* libicucore.tbd in Frameworks */ = {isa = PBXBuildFile; fileRef = D31F58FC1C21D78500A3E3B9 /* libicucore.tbd */; };
		D31F58FF1C21D78E00A3E3B9 /* SystemConfiguration.framework in Frameworks */ = {isa = PBXBuildFile; fileRef = D31F58FE1C21D78E00A3E3B9 /* SystemConfiguration.framework */; };
		D31F59011C21D79B00A3E3B9 /* Security.framework in Frameworks */ = {isa = PBXBuildFile; fileRef = D31F59001C21D79B00A3E3B9 /* Security.framework */; };
		D31F59031C21D7A200A3E3B9 /* CFNetwork.framework in Frameworks */ = {isa = PBXBuildFile; fileRef = D31F59021C21D7A200A3E3B9 /* CFNetwork.framework */; };
		D31F59051C21D8F500A3E3B9 /* SocketRocket.framework in Frameworks */ = {isa = PBXBuildFile; fileRef = D31F59041C21D8F500A3E3B9 /* SocketRocket.framework */; };
		D345102D1C28A07900B90650 /* OHHTTPStubs.framework in Frameworks */ = {isa = PBXBuildFile; fileRef = D345102C1C28A07900B90650 /* OHHTTPStubs.framework */; };
		D38E8EC41C2498C60049AC2F /* UserTests.m in Sources */ = {isa = PBXBuildFile; fileRef = D38E8EC31C2498C60049AC2F /* UserTests.m */; };
		D38E8EC61C249D600049AC2F /* user_login_valid_json_fixture.json in Resources */ = {isa = PBXBuildFile; fileRef = D38E8EC51C249D600049AC2F /* user_login_valid_json_fixture.json */; };
		D38E8EC81C249D800049AC2F /* user_login_invalid_json_fixture.json in Resources */ = {isa = PBXBuildFile; fileRef = D38E8EC71C249D800049AC2F /* user_login_invalid_json_fixture.json */; };
		D38E8ECD1C24BFA30049AC2F /* GFHMockServer.m in Sources */ = {isa = PBXBuildFile; fileRef = D38E8ECC1C24BFA30049AC2F /* GFHMockServer.m */; };
		D3D7AB651C2CCDDD0067F7C8 /* GFHRepository.m in Sources */ = {isa = PBXBuildFile; fileRef = D3D7AB641C2CCDDD0067F7C8 /* GFHRepository.m */; };
		D3D7AB681C2CCE1B0067F7C8 /* PlayingCard.m in Sources */ = {isa = PBXBuildFile; fileRef = D3D7AB671C2CCE1B0067F7C8 /* PlayingCard.m */; };
		D3D7AB6B1C2CD2D00067F7C8 /* User.m in Sources */ = {isa = PBXBuildFile; fileRef = D3D7AB6A1C2CD2D00067F7C8 /* User.m */; };
		D3D7AB6E1C2CD3A30067F7C8 /* AppDelegate.m in Sources */ = {isa = PBXBuildFile; fileRef = D3D7AB6D1C2CD3A30067F7C8 /* AppDelegate.m */; };
		D3D7AB711C2CD46B0067F7C8 /* GFHDatabase.m in Sources */ = {isa = PBXBuildFile; fileRef = D3D7AB701C2CD46B0067F7C8 /* GFHDatabase.m */; };
		D3D7AB731C2CD6C50067F7C8 /* main.m in Sources */ = {isa = PBXBuildFile; fileRef = D3D7AB721C2CD6C50067F7C8 /* main.m */; };
		D3D7AB761C2CD7260067F7C8 /* MatchPerspective.m in Sources */ = {isa = PBXBuildFile; fileRef = D3D7AB751C2CD7260067F7C8 /* MatchPerspective.m */; };
		D3D7AB791C2CD8280067F7C8 /* Player.m in Sources */ = {isa = PBXBuildFile; fileRef = D3D7AB781C2CD8280067F7C8 /* Player.m */; };
		D3D7AB9D1C2CDA5F0067F7C8 /* libPusher-combined.a in Frameworks */ = {isa = PBXBuildFile; fileRef = D3D7AB9C1C2CDA5F0067F7C8 /* libPusher-combined.a */; };
		D3D7AB9F1C2CDE510067F7C8 /* Main.storyboard in Resources */ = {isa = PBXBuildFile; fileRef = D3D7AB9E1C2CDE510067F7C8 /* Main.storyboard */; };
		D3D7ABA11C2CDE610067F7C8 /* Launch Screen.storyboard in Resources */ = {isa = PBXBuildFile; fileRef = D3D7ABA01C2CDE610067F7C8 /* Launch Screen.storyboard */; };
		D3D7AC231C2CE6F50067F7C8 /* Assets.xcassets in Resources */ = {isa = PBXBuildFile; fileRef = D3D7AC221C2CE6F50067F7C8 /* Assets.xcassets */; };
		D3D7AC2C1C2D5C0E0067F7C8 /* GFHMatchSetupViewController.m in Sources */ = {isa = PBXBuildFile; fileRef = D3D7AC2B1C2D5C0E0067F7C8 /* GFHMatchSetupViewController.m */; };
		D3D7AC2F1C2D5CAD0067F7C8 /* GFHLoginViewController.m in Sources */ = {isa = PBXBuildFile; fileRef = D3D7AC2E1C2D5CAD0067F7C8 /* GFHLoginViewController.m */; };
/* End PBXBuildFile section */

/* Begin PBXContainerItemProxy section */
		D31F58A61C1F5DAF00A3E3B9 /* PBXContainerItemProxy */ = {
			isa = PBXContainerItemProxy;
			containerPortal = D31F58841C1F5DAF00A3E3B9 /* Project object */;
			proxyType = 1;
			remoteGlobalIDString = D31F588B1C1F5DAF00A3E3B9;
			remoteInfo = GoFish;
		};
		D31F58B11C1F5DAF00A3E3B9 /* PBXContainerItemProxy */ = {
			isa = PBXContainerItemProxy;
			containerPortal = D31F58841C1F5DAF00A3E3B9 /* Project object */;
			proxyType = 1;
			remoteGlobalIDString = D31F588B1C1F5DAF00A3E3B9;
			remoteInfo = GoFish;
		};
/* End PBXContainerItemProxy section */

/* Begin PBXFileReference section */
		D31F588C1C1F5DAF00A3E3B9 /* GoFish.app */ = {isa = PBXFileReference; explicitFileType = wrapper.application; includeInIndex = 0; path = GoFish.app; sourceTree = BUILT_PRODUCTS_DIR; };
		D31F58A51C1F5DAF00A3E3B9 /* GoFishTests.xctest */ = {isa = PBXFileReference; explicitFileType = wrapper.cfbundle; includeInIndex = 0; path = GoFishTests.xctest; sourceTree = BUILT_PRODUCTS_DIR; };
		D31F58AB1C1F5DAF00A3E3B9 /* Info.plist */ = {isa = PBXFileReference; lastKnownFileType = text.plist.xml; path = Info.plist; sourceTree = "<group>"; };
		D31F58B01C1F5DAF00A3E3B9 /* GoFishUITests.xctest */ = {isa = PBXFileReference; explicitFileType = wrapper.cfbundle; includeInIndex = 0; path = GoFishUITests.xctest; sourceTree = BUILT_PRODUCTS_DIR; };
		D31F58B41C1F5DAF00A3E3B9 /* GoFishUITests.m */ = {isa = PBXFileReference; lastKnownFileType = sourcecode.c.objc; path = GoFishUITests.m; sourceTree = "<group>"; };
		D31F58B61C1F5DAF00A3E3B9 /* Info.plist */ = {isa = PBXFileReference; lastKnownFileType = text.plist.xml; path = Info.plist; sourceTree = "<group>"; };
		D31F58C91C1F5EA100A3E3B9 /* PlayingCardTests.m */ = {isa = PBXFileReference; fileEncoding = 4; lastKnownFileType = sourcecode.c.objc; name = PlayingCardTests.m; path = ../../../../Desktop/Cards/CardsTests/PlayingCardTests.m; sourceTree = "<group>"; };
		D31F58CE1C1F5F9500A3E3B9 /* AFNetworking.framework */ = {isa = PBXFileReference; lastKnownFileType = wrapper.framework; name = AFNetworking.framework; path = Carthage/Build/iOS/AFNetworking.framework; sourceTree = SOURCE_ROOT; };
		D31F58D31C1F631900A3E3B9 /* RespositoryTests.m */ = {isa = PBXFileReference; fileEncoding = 4; lastKnownFileType = sourcecode.c.objc; path = RespositoryTests.m; sourceTree = "<group>"; };
		D31F58DB1C1F6E9800A3E3B9 /* PlayerTests.m */ = {isa = PBXFileReference; fileEncoding = 4; lastKnownFileType = sourcecode.c.objc; path = PlayerTests.m; sourceTree = "<group>"; };
		D31F58E31C20764500A3E3B9 /* MatchPerspectiveTests.m */ = {isa = PBXFileReference; fileEncoding = 4; lastKnownFileType = sourcecode.c.objc; path = MatchPerspectiveTests.m; sourceTree = "<group>"; };
		D31F58E81C21CF0C00A3E3B9 /* match_json_fixture.json */ = {isa = PBXFileReference; fileEncoding = 4; lastKnownFileType = text.json; path = match_json_fixture.json; sourceTree = "<group>"; };
		D31F58FC1C21D78500A3E3B9 /* libicucore.tbd */ = {isa = PBXFileReference; lastKnownFileType = "sourcecode.text-based-dylib-definition"; name = libicucore.tbd; path = usr/lib/libicucore.tbd; sourceTree = SDKROOT; };
		D31F58FE1C21D78E00A3E3B9 /* SystemConfiguration.framework */ = {isa = PBXFileReference; lastKnownFileType = wrapper.framework; name = SystemConfiguration.framework; path = System/Library/Frameworks/SystemConfiguration.framework; sourceTree = SDKROOT; };
		D31F59001C21D79B00A3E3B9 /* Security.framework */ = {isa = PBXFileReference; lastKnownFileType = wrapper.framework; name = Security.framework; path = System/Library/Frameworks/Security.framework; sourceTree = SDKROOT; };
		D31F59021C21D7A200A3E3B9 /* CFNetwork.framework */ = {isa = PBXFileReference; lastKnownFileType = wrapper.framework; name = CFNetwork.framework; path = System/Library/Frameworks/CFNetwork.framework; sourceTree = SDKROOT; };
		D31F59041C21D8F500A3E3B9 /* SocketRocket.framework */ = {isa = PBXFileReference; lastKnownFileType = wrapper.framework; name = SocketRocket.framework; path = Carthage/Build/iOS/SocketRocket.framework; sourceTree = SOURCE_ROOT; };
		D345102C1C28A07900B90650 /* OHHTTPStubs.framework */ = {isa = PBXFileReference; lastKnownFileType = wrapper.framework; name = OHHTTPStubs.framework; path = Carthage/Build/iOS/OHHTTPStubs.framework; sourceTree = SOURCE_ROOT; };
		D38E8EC31C2498C60049AC2F /* UserTests.m */ = {isa = PBXFileReference; fileEncoding = 4; lastKnownFileType = sourcecode.c.objc; path = UserTests.m; sourceTree = "<group>"; };
		D38E8EC51C249D600049AC2F /* user_login_valid_json_fixture.json */ = {isa = PBXFileReference; fileEncoding = 4; lastKnownFileType = text.json; path = user_login_valid_json_fixture.json; sourceTree = "<group>"; };
		D38E8EC71C249D800049AC2F /* user_login_invalid_json_fixture.json */ = {isa = PBXFileReference; fileEncoding = 4; lastKnownFileType = text.json; path = user_login_invalid_json_fixture.json; sourceTree = "<group>"; };
		D38E8EC91C24BED50049AC2F /* URLMock.framework */ = {isa = PBXFileReference; lastKnownFileType = wrapper.framework; name = URLMock.framework; path = Carthage/Build/iOS/URLMock.framework; sourceTree = SOURCE_ROOT; };
		D38E8ECB1C24BFA30049AC2F /* GFHMockServer.h */ = {isa = PBXFileReference; fileEncoding = 4; lastKnownFileType = sourcecode.c.h; path = GFHMockServer.h; sourceTree = "<group>"; };
		D38E8ECC1C24BFA30049AC2F /* GFHMockServer.m */ = {isa = PBXFileReference; fileEncoding = 4; lastKnownFileType = sourcecode.c.objc; path = GFHMockServer.m; sourceTree = "<group>"; };
		D3D7AB631C2CCDDD0067F7C8 /* GFHRepository.h */ = {isa = PBXFileReference; fileEncoding = 4; lastKnownFileType = sourcecode.c.h; path = GFHRepository.h; sourceTree = SOURCE_ROOT; };
		D3D7AB641C2CCDDD0067F7C8 /* GFHRepository.m */ = {isa = PBXFileReference; fileEncoding = 4; lastKnownFileType = sourcecode.c.objc; path = GFHRepository.m; sourceTree = SOURCE_ROOT; };
		D3D7AB661C2CCE1B0067F7C8 /* PlayingCard.h */ = {isa = PBXFileReference; fileEncoding = 4; lastKnownFileType = sourcecode.c.h; path = PlayingCard.h; sourceTree = SOURCE_ROOT; };
		D3D7AB671C2CCE1B0067F7C8 /* PlayingCard.m */ = {isa = PBXFileReference; fileEncoding = 4; lastKnownFileType = sourcecode.c.objc; path = PlayingCard.m; sourceTree = SOURCE_ROOT; };
		D3D7AB691C2CD2D00067F7C8 /* User.h */ = {isa = PBXFileReference; fileEncoding = 4; lastKnownFileType = sourcecode.c.h; path = User.h; sourceTree = SOURCE_ROOT; };
		D3D7AB6A1C2CD2D00067F7C8 /* User.m */ = {isa = PBXFileReference; fileEncoding = 4; lastKnownFileType = sourcecode.c.objc; path = User.m; sourceTree = SOURCE_ROOT; };
		D3D7AB6C1C2CD3A30067F7C8 /* AppDelegate.h */ = {isa = PBXFileReference; fileEncoding = 4; lastKnownFileType = sourcecode.c.h; path = AppDelegate.h; sourceTree = SOURCE_ROOT; };
		D3D7AB6D1C2CD3A30067F7C8 /* AppDelegate.m */ = {isa = PBXFileReference; fileEncoding = 4; lastKnownFileType = sourcecode.c.objc; path = AppDelegate.m; sourceTree = SOURCE_ROOT; };
		D3D7AB6F1C2CD46B0067F7C8 /* GFHDatabase.h */ = {isa = PBXFileReference; fileEncoding = 4; lastKnownFileType = sourcecode.c.h; path = GFHDatabase.h; sourceTree = SOURCE_ROOT; };
		D3D7AB701C2CD46B0067F7C8 /* GFHDatabase.m */ = {isa = PBXFileReference; fileEncoding = 4; lastKnownFileType = sourcecode.c.objc; path = GFHDatabase.m; sourceTree = SOURCE_ROOT; };
		D3D7AB721C2CD6C50067F7C8 /* main.m */ = {isa = PBXFileReference; fileEncoding = 4; lastKnownFileType = sourcecode.c.objc; path = main.m; sourceTree = SOURCE_ROOT; };
		D3D7AB741C2CD7260067F7C8 /* MatchPerspective.h */ = {isa = PBXFileReference; fileEncoding = 4; lastKnownFileType = sourcecode.c.h; path = MatchPerspective.h; sourceTree = SOURCE_ROOT; };
		D3D7AB751C2CD7260067F7C8 /* MatchPerspective.m */ = {isa = PBXFileReference; fileEncoding = 4; lastKnownFileType = sourcecode.c.objc; path = MatchPerspective.m; sourceTree = SOURCE_ROOT; };
		D3D7AB771C2CD8280067F7C8 /* Player.h */ = {isa = PBXFileReference; fileEncoding = 4; lastKnownFileType = sourcecode.c.h; path = Player.h; sourceTree = SOURCE_ROOT; };
		D3D7AB781C2CD8280067F7C8 /* Player.m */ = {isa = PBXFileReference; fileEncoding = 4; lastKnownFileType = sourcecode.c.objc; path = Player.m; sourceTree = SOURCE_ROOT; };
		D3D7AB8D1C2CDA5F0067F7C8 /* PTEventListener.h */ = {isa = PBXFileReference; fileEncoding = 4; lastKnownFileType = sourcecode.c.h; path = PTEventListener.h; sourceTree = "<group>"; };
		D3D7AB8E1C2CDA5F0067F7C8 /* PTPusher+Testing.h */ = {isa = PBXFileReference; fileEncoding = 4; lastKnownFileType = sourcecode.c.h; path = "PTPusher+Testing.h"; sourceTree = "<group>"; };
		D3D7AB8F1C2CDA5F0067F7C8 /* PTPusher.h */ = {isa = PBXFileReference; fileEncoding = 4; lastKnownFileType = sourcecode.c.h; path = PTPusher.h; sourceTree = "<group>"; };
		D3D7AB901C2CDA5F0067F7C8 /* PTPusherAPI.h */ = {isa = PBXFileReference; fileEncoding = 4; lastKnownFileType = sourcecode.c.h; path = PTPusherAPI.h; sourceTree = "<group>"; };
		D3D7AB911C2CDA5F0067F7C8 /* PTPusherChannel.h */ = {isa = PBXFileReference; fileEncoding = 4; lastKnownFileType = sourcecode.c.h; path = PTPusherChannel.h; sourceTree = "<group>"; };
		D3D7AB921C2CDA5F0067F7C8 /* PTPusherConnection.h */ = {isa = PBXFileReference; fileEncoding = 4; lastKnownFileType = sourcecode.c.h; path = PTPusherConnection.h; sourceTree = "<group>"; };
		D3D7AB931C2CDA5F0067F7C8 /* PTPusherDelegate.h */ = {isa = PBXFileReference; fileEncoding = 4; lastKnownFileType = sourcecode.c.h; path = PTPusherDelegate.h; sourceTree = "<group>"; };
		D3D7AB941C2CDA5F0067F7C8 /* PTPusherErrors.h */ = {isa = PBXFileReference; fileEncoding = 4; lastKnownFileType = sourcecode.c.h; path = PTPusherErrors.h; sourceTree = "<group>"; };
		D3D7AB951C2CDA5F0067F7C8 /* PTPusherEvent.h */ = {isa = PBXFileReference; fileEncoding = 4; lastKnownFileType = sourcecode.c.h; path = PTPusherEvent.h; sourceTree = "<group>"; };
		D3D7AB961C2CDA5F0067F7C8 /* PTPusherEventDispatcher.h */ = {isa = PBXFileReference; fileEncoding = 4; lastKnownFileType = sourcecode.c.h; path = PTPusherEventDispatcher.h; sourceTree = "<group>"; };
		D3D7AB971C2CDA5F0067F7C8 /* PTPusherEventPublisher.h */ = {isa = PBXFileReference; fileEncoding = 4; lastKnownFileType = sourcecode.c.h; path = PTPusherEventPublisher.h; sourceTree = "<group>"; };
		D3D7AB981C2CDA5F0067F7C8 /* PTPusherMacros.h */ = {isa = PBXFileReference; fileEncoding = 4; lastKnownFileType = sourcecode.c.h; path = PTPusherMacros.h; sourceTree = "<group>"; };
		D3D7AB991C2CDA5F0067F7C8 /* PTPusherMockConnection.h */ = {isa = PBXFileReference; fileEncoding = 4; lastKnownFileType = sourcecode.c.h; path = PTPusherMockConnection.h; sourceTree = "<group>"; };
		D3D7AB9A1C2CDA5F0067F7C8 /* PTPusherPresenceChannelDelegate.h */ = {isa = PBXFileReference; fileEncoding = 4; lastKnownFileType = sourcecode.c.h; path = PTPusherPresenceChannelDelegate.h; sourceTree = "<group>"; };
		D3D7AB9B1C2CDA5F0067F7C8 /* Pusher.h */ = {isa = PBXFileReference; fileEncoding = 4; lastKnownFileType = sourcecode.c.h; path = Pusher.h; sourceTree = "<group>"; };
		D3D7AB9C1C2CDA5F0067F7C8 /* libPusher-combined.a */ = {isa = PBXFileReference; lastKnownFileType = archive.ar; path = "libPusher-combined.a"; sourceTree = SOURCE_ROOT; };
		D3D7AB9E1C2CDE510067F7C8 /* Main.storyboard */ = {isa = PBXFileReference; fileEncoding = 4; lastKnownFileType = file.storyboard; path = Main.storyboard; sourceTree = SOURCE_ROOT; };
		D3D7ABA01C2CDE610067F7C8 /* Launch Screen.storyboard */ = {isa = PBXFileReference; fileEncoding = 4; lastKnownFileType = file.storyboard; path = "Launch Screen.storyboard"; sourceTree = SOURCE_ROOT; };
		D3D7AC221C2CE6F50067F7C8 /* Assets.xcassets */ = {isa = PBXFileReference; lastKnownFileType = folder.assetcatalog; path = Assets.xcassets; sourceTree = SOURCE_ROOT; };
		D3D7AC281C2CEA9C0067F7C8 /* Info.plist */ = {isa = PBXFileReference; fileEncoding = 4; lastKnownFileType = text.plist.xml; path = Info.plist; sourceTree = SOURCE_ROOT; };
		D3D7AC2A1C2D5C0E0067F7C8 /* GFHMatchSetupViewController.h */ = {isa = PBXFileReference; fileEncoding = 4; lastKnownFileType = sourcecode.c.h; path = GFHMatchSetupViewController.h; sourceTree = SOURCE_ROOT; };
		D3D7AC2B1C2D5C0E0067F7C8 /* GFHMatchSetupViewController.m */ = {isa = PBXFileReference; fileEncoding = 4; lastKnownFileType = sourcecode.c.objc; path = GFHMatchSetupViewController.m; sourceTree = SOURCE_ROOT; };
		D3D7AC2D1C2D5CAD0067F7C8 /* GFHLoginViewController.h */ = {isa = PBXFileReference; fileEncoding = 4; lastKnownFileType = sourcecode.c.h; path = GFHLoginViewController.h; sourceTree = SOURCE_ROOT; };
		D3D7AC2E1C2D5CAD0067F7C8 /* GFHLoginViewController.m */ = {isa = PBXFileReference; fileEncoding = 4; lastKnownFileType = sourcecode.c.objc; path = GFHLoginViewController.m; sourceTree = SOURCE_ROOT; };
/* End PBXFileReference section */

/* Begin PBXFrameworksBuildPhase section */
		D31F58891C1F5DAF00A3E3B9 /* Frameworks */ = {
			isa = PBXFrameworksBuildPhase;
			buildActionMask = 2147483647;
			files = (
				D31F59031C21D7A200A3E3B9 /* CFNetwork.framework in Frameworks */,
				D3D7AB9D1C2CDA5F0067F7C8 /* libPusher-combined.a in Frameworks */,
				D31F59011C21D79B00A3E3B9 /* Security.framework in Frameworks */,
				D31F59051C21D8F500A3E3B9 /* SocketRocket.framework in Frameworks */,
				D31F58FF1C21D78E00A3E3B9 /* SystemConfiguration.framework in Frameworks */,
				D31F58FD1C21D78500A3E3B9 /* libicucore.tbd in Frameworks */,
				D31F58CF1C1F5F9500A3E3B9 /* AFNetworking.framework in Frameworks */,
			);
			runOnlyForDeploymentPostprocessing = 0;
		};
		D31F58A21C1F5DAF00A3E3B9 /* Frameworks */ = {
			isa = PBXFrameworksBuildPhase;
			buildActionMask = 2147483647;
			files = (
				D31F58D71C1F644400A3E3B9 /* AFNetworking.framework in Frameworks */,
				D345102D1C28A07900B90650 /* OHHTTPStubs.framework in Frameworks */,
			);
			runOnlyForDeploymentPostprocessing = 0;
		};
		D31F58AD1C1F5DAF00A3E3B9 /* Frameworks */ = {
			isa = PBXFrameworksBuildPhase;
			buildActionMask = 2147483647;
			files = (
			);
			runOnlyForDeploymentPostprocessing = 0;
		};
/* End PBXFrameworksBuildPhase section */

/* Begin PBXGroup section */
		D31F58831C1F5DAF00A3E3B9 = {
			isa = PBXGroup;
			children = (
				D31F588E1C1F5DAF00A3E3B9 /* GoFish */,
				D31F58A81C1F5DAF00A3E3B9 /* GoFishTests */,
				D31F58B31C1F5DAF00A3E3B9 /* GoFishUITests */,
				D31F588D1C1F5DAF00A3E3B9 /* Products */,
			);
			sourceTree = "<group>";
		};
		D31F588D1C1F5DAF00A3E3B9 /* Products */ = {
			isa = PBXGroup;
			children = (
				D31F588C1C1F5DAF00A3E3B9 /* GoFish.app */,
				D31F58A51C1F5DAF00A3E3B9 /* GoFishTests.xctest */,
				D31F58B01C1F5DAF00A3E3B9 /* GoFishUITests.xctest */,
			);
			name = Products;
			sourceTree = "<group>";
		};
		D31F588E1C1F5DAF00A3E3B9 /* GoFish */ = {
			isa = PBXGroup;
			children = (
				D31F58C51C1F5E7200A3E3B9 /* Controllers */,
				D31F58C41C1F5E6C00A3E3B9 /* Models */,
				D31F58C31C1F5E6300A3E3B9 /* Views */,
				D3D7AB631C2CCDDD0067F7C8 /* GFHRepository.h */,
				D3D7AB641C2CCDDD0067F7C8 /* GFHRepository.m */,
				D3D7AC221C2CE6F50067F7C8 /* Assets.xcassets */,
				D31F588F1C1F5DAF00A3E3B9 /* Supporting Files */,
				D3D7AB6C1C2CD3A30067F7C8 /* AppDelegate.h */,
				D3D7AB6D1C2CD3A30067F7C8 /* AppDelegate.m */,
				D3D7AB9E1C2CDE510067F7C8 /* Main.storyboard */,
				D3D7AC281C2CEA9C0067F7C8 /* Info.plist */,
				D3D7ABA01C2CDE610067F7C8 /* Launch Screen.storyboard */,
			);
			path = GoFish;
			sourceTree = "<group>";
		};
		D31F588F1C1F5DAF00A3E3B9 /* Supporting Files */ = {
			isa = PBXGroup;
			children = (
				D3D7AB8C1C2CDA5F0067F7C8 /* headers */,
				D3D7AB9C1C2CDA5F0067F7C8 /* libPusher-combined.a */,
				D345102C1C28A07900B90650 /* OHHTTPStubs.framework */,
				D38E8EC91C24BED50049AC2F /* URLMock.framework */,
				D31F59041C21D8F500A3E3B9 /* SocketRocket.framework */,
				D31F58FC1C21D78500A3E3B9 /* libicucore.tbd */,
				D31F59021C21D7A200A3E3B9 /* CFNetwork.framework */,
				D31F59001C21D79B00A3E3B9 /* Security.framework */,
				D31F58FE1C21D78E00A3E3B9 /* SystemConfiguration.framework */,
				D31F58CE1C1F5F9500A3E3B9 /* AFNetworking.framework */,
				D3D7AB721C2CD6C50067F7C8 /* main.m */,
			);
			name = "Supporting Files";
			sourceTree = "<group>";
		};
		D31F58A81C1F5DAF00A3E3B9 /* GoFishTests */ = {
			isa = PBXGroup;
			children = (
				D31F58C91C1F5EA100A3E3B9 /* PlayingCardTests.m */,
				D31F58AB1C1F5DAF00A3E3B9 /* Info.plist */,
				D31F58D31C1F631900A3E3B9 /* RespositoryTests.m */,
				D31F58DB1C1F6E9800A3E3B9 /* PlayerTests.m */,
				D31F58E31C20764500A3E3B9 /* MatchPerspectiveTests.m */,
				D31F58E81C21CF0C00A3E3B9 /* match_json_fixture.json */,
				D38E8EC31C2498C60049AC2F /* UserTests.m */,
				D38E8EC51C249D600049AC2F /* user_login_valid_json_fixture.json */,
				D38E8EC71C249D800049AC2F /* user_login_invalid_json_fixture.json */,
				D38E8ECB1C24BFA30049AC2F /* GFHMockServer.h */,
				D38E8ECC1C24BFA30049AC2F /* GFHMockServer.m */,
			);
			path = GoFishTests;
			sourceTree = "<group>";
		};
		D31F58B31C1F5DAF00A3E3B9 /* GoFishUITests */ = {
			isa = PBXGroup;
			children = (
				D31F58B41C1F5DAF00A3E3B9 /* GoFishUITests.m */,
				D31F58B61C1F5DAF00A3E3B9 /* Info.plist */,
			);
			path = GoFishUITests;
			sourceTree = "<group>";
		};
		D31F58C31C1F5E6300A3E3B9 /* Views */ = {
			isa = PBXGroup;
			children = (
			);
			name = Views;
			sourceTree = "<group>";
		};
		D31F58C41C1F5E6C00A3E3B9 /* Models */ = {
			isa = PBXGroup;
			children = (
				D3D7AB661C2CCE1B0067F7C8 /* PlayingCard.h */,
				D3D7AB671C2CCE1B0067F7C8 /* PlayingCard.m */,
				D3D7AB691C2CD2D00067F7C8 /* User.h */,
				D3D7AB6A1C2CD2D00067F7C8 /* User.m */,
				D3D7AB6F1C2CD46B0067F7C8 /* GFHDatabase.h */,
				D3D7AB701C2CD46B0067F7C8 /* GFHDatabase.m */,
				D3D7AB741C2CD7260067F7C8 /* MatchPerspective.h */,
				D3D7AB751C2CD7260067F7C8 /* MatchPerspective.m */,
				D3D7AB771C2CD8280067F7C8 /* Player.h */,
				D3D7AB781C2CD8280067F7C8 /* Player.m */,
			);
			name = Models;
			sourceTree = "<group>";
		};
		D31F58C51C1F5E7200A3E3B9 /* Controllers */ = {
			isa = PBXGroup;
			children = (
				D3D7AC2A1C2D5C0E0067F7C8 /* GFHMatchSetupViewController.h */,
				D3D7AC2B1C2D5C0E0067F7C8 /* GFHMatchSetupViewController.m */,
				D3D7AC2D1C2D5CAD0067F7C8 /* GFHLoginViewController.h */,
				D3D7AC2E1C2D5CAD0067F7C8 /* GFHLoginViewController.m */,
			);
			name = Controllers;
			sourceTree = "<group>";
		};
		D3D7AB8C1C2CDA5F0067F7C8 /* headers */ = {
			isa = PBXGroup;
			children = (
				D3D7AB8D1C2CDA5F0067F7C8 /* PTEventListener.h */,
				D3D7AB8E1C2CDA5F0067F7C8 /* PTPusher+Testing.h */,
				D3D7AB8F1C2CDA5F0067F7C8 /* PTPusher.h */,
				D3D7AB901C2CDA5F0067F7C8 /* PTPusherAPI.h */,
				D3D7AB911C2CDA5F0067F7C8 /* PTPusherChannel.h */,
				D3D7AB921C2CDA5F0067F7C8 /* PTPusherConnection.h */,
				D3D7AB931C2CDA5F0067F7C8 /* PTPusherDelegate.h */,
				D3D7AB941C2CDA5F0067F7C8 /* PTPusherErrors.h */,
				D3D7AB951C2CDA5F0067F7C8 /* PTPusherEvent.h */,
				D3D7AB961C2CDA5F0067F7C8 /* PTPusherEventDispatcher.h */,
				D3D7AB971C2CDA5F0067F7C8 /* PTPusherEventPublisher.h */,
				D3D7AB981C2CDA5F0067F7C8 /* PTPusherMacros.h */,
				D3D7AB991C2CDA5F0067F7C8 /* PTPusherMockConnection.h */,
				D3D7AB9A1C2CDA5F0067F7C8 /* PTPusherPresenceChannelDelegate.h */,
				D3D7AB9B1C2CDA5F0067F7C8 /* Pusher.h */,
			);
			path = headers;
			sourceTree = SOURCE_ROOT;
		};
/* End PBXGroup section */

/* Begin PBXNativeTarget section */
		D31F588B1C1F5DAF00A3E3B9 /* GoFish */ = {
			isa = PBXNativeTarget;
			buildConfigurationList = D31F58B91C1F5DAF00A3E3B9 /* Build configuration list for PBXNativeTarget "GoFish" */;
			buildPhases = (
				D31F58881C1F5DAF00A3E3B9 /* Sources */,
				D31F58891C1F5DAF00A3E3B9 /* Frameworks */,
				D31F588A1C1F5DAF00A3E3B9 /* Resources */,
				D31F58C21C1F5DBC00A3E3B9 /* Carthage:Build */,
			);
			buildRules = (
			);
			dependencies = (
			);
			name = GoFish;
			productName = GoFish;
			productReference = D31F588C1C1F5DAF00A3E3B9 /* GoFish.app */;
			productType = "com.apple.product-type.application";
		};
		D31F58A41C1F5DAF00A3E3B9 /* GoFishTests */ = {
			isa = PBXNativeTarget;
			buildConfigurationList = D31F58BC1C1F5DAF00A3E3B9 /* Build configuration list for PBXNativeTarget "GoFishTests" */;
			buildPhases = (
				D31F58A11C1F5DAF00A3E3B9 /* Sources */,
				D31F58A21C1F5DAF00A3E3B9 /* Frameworks */,
				D31F58A31C1F5DAF00A3E3B9 /* Resources */,
				D345102E1C28A09500B90650 /* Carthage:Build */,
			);
			buildRules = (
			);
			dependencies = (
				D31F58A71C1F5DAF00A3E3B9 /* PBXTargetDependency */,
			);
			name = GoFishTests;
			productName = GoFishTests;
			productReference = D31F58A51C1F5DAF00A3E3B9 /* GoFishTests.xctest */;
			productType = "com.apple.product-type.bundle.unit-test";
		};
		D31F58AF1C1F5DAF00A3E3B9 /* GoFishUITests */ = {
			isa = PBXNativeTarget;
			buildConfigurationList = D31F58BF1C1F5DAF00A3E3B9 /* Build configuration list for PBXNativeTarget "GoFishUITests" */;
			buildPhases = (
				D31F58AC1C1F5DAF00A3E3B9 /* Sources */,
				D31F58AD1C1F5DAF00A3E3B9 /* Frameworks */,
				D31F58AE1C1F5DAF00A3E3B9 /* Resources */,
			);
			buildRules = (
			);
			dependencies = (
				D31F58B21C1F5DAF00A3E3B9 /* PBXTargetDependency */,
			);
			name = GoFishUITests;
			productName = GoFishUITests;
			productReference = D31F58B01C1F5DAF00A3E3B9 /* GoFishUITests.xctest */;
			productType = "com.apple.product-type.bundle.ui-testing";
		};
/* End PBXNativeTarget section */

/* Begin PBXProject section */
		D31F58841C1F5DAF00A3E3B9 /* Project object */ = {
			isa = PBXProject;
			attributes = {
				LastUpgradeCheck = 0710;
				ORGANIZATIONNAME = "RoleModel Software";
				TargetAttributes = {
					D31F588B1C1F5DAF00A3E3B9 = {
						CreatedOnToolsVersion = 7.1.1;
					};
					D31F58A41C1F5DAF00A3E3B9 = {
						CreatedOnToolsVersion = 7.1.1;
						TestTargetID = D31F588B1C1F5DAF00A3E3B9;
					};
					D31F58AF1C1F5DAF00A3E3B9 = {
						CreatedOnToolsVersion = 7.1.1;
						TestTargetID = D31F588B1C1F5DAF00A3E3B9;
					};
				};
			};
			buildConfigurationList = D31F58871C1F5DAF00A3E3B9 /* Build configuration list for PBXProject "GoFish" */;
			compatibilityVersion = "Xcode 3.2";
			developmentRegion = English;
			hasScannedForEncodings = 0;
			knownRegions = (
				en,
				Base,
			);
			mainGroup = D31F58831C1F5DAF00A3E3B9;
			productRefGroup = D31F588D1C1F5DAF00A3E3B9 /* Products */;
			projectDirPath = "";
			projectRoot = "";
			targets = (
				D31F588B1C1F5DAF00A3E3B9 /* GoFish */,
				D31F58A41C1F5DAF00A3E3B9 /* GoFishTests */,
				D31F58AF1C1F5DAF00A3E3B9 /* GoFishUITests */,
			);
		};
/* End PBXProject section */

/* Begin PBXResourcesBuildPhase section */
		D31F588A1C1F5DAF00A3E3B9 /* Resources */ = {
			isa = PBXResourcesBuildPhase;
			buildActionMask = 2147483647;
			files = (
				D3D7ABA11C2CDE610067F7C8 /* Launch Screen.storyboard in Resources */,
				D3D7AC231C2CE6F50067F7C8 /* Assets.xcassets in Resources */,
				D3D7AB9F1C2CDE510067F7C8 /* Main.storyboard in Resources */,
			);
			runOnlyForDeploymentPostprocessing = 0;
		};
		D31F58A31C1F5DAF00A3E3B9 /* Resources */ = {
			isa = PBXResourcesBuildPhase;
			buildActionMask = 2147483647;
			files = (
				D31F58E91C21CF0C00A3E3B9 /* match_json_fixture.json in Resources */,
				D38E8EC61C249D600049AC2F /* user_login_valid_json_fixture.json in Resources */,
				D38E8EC81C249D800049AC2F /* user_login_invalid_json_fixture.json in Resources */,
			);
			runOnlyForDeploymentPostprocessing = 0;
		};
		D31F58AE1C1F5DAF00A3E3B9 /* Resources */ = {
			isa = PBXResourcesBuildPhase;
			buildActionMask = 2147483647;
			files = (
			);
			runOnlyForDeploymentPostprocessing = 0;
		};
/* End PBXResourcesBuildPhase section */

/* Begin PBXShellScriptBuildPhase section */
		D31F58C21C1F5DBC00A3E3B9 /* Carthage:Build */ = {
			isa = PBXShellScriptBuildPhase;
			buildActionMask = 2147483647;
			files = (
			);
			inputPaths = (
				"$(SRCROOT)/Carthage/Build/iOS/AFNetworking.framework",
				"$(SRCROOT)/Carthage/Build/iOS/SocketRocket.framework",
			);
			name = "Carthage:Build";
			outputPaths = (
			);
			runOnlyForDeploymentPostprocessing = 0;
			shellPath = "/usr/local/bin/carthage copy-frameworks";
			shellScript = "";
		};
		D345102E1C28A09500B90650 /* Carthage:Build */ = {
			isa = PBXShellScriptBuildPhase;
			buildActionMask = 2147483647;
			files = (
			);
			inputPaths = (
				"$(SRCROOT)/Carthage/Build/iOS/OHHTTPStubs.framework",
			);
			name = "Carthage:Build";
			outputPaths = (
			);
			runOnlyForDeploymentPostprocessing = 0;
			shellPath = "/usr/local/bin/carthage copy-frameworks";
			shellScript = "";
		};
/* End PBXShellScriptBuildPhase section */

/* Begin PBXSourcesBuildPhase section */
		D31F58881C1F5DAF00A3E3B9 /* Sources */ = {
			isa = PBXSourcesBuildPhase;
			buildActionMask = 2147483647;
			files = (
				D3D7AB791C2CD8280067F7C8 /* Player.m in Sources */,
				D3D7AB6B1C2CD2D00067F7C8 /* User.m in Sources */,
				D3D7AB651C2CCDDD0067F7C8 /* GFHRepository.m in Sources */,
				D3D7AB711C2CD46B0067F7C8 /* GFHDatabase.m in Sources */,
				D3D7AC2F1C2D5CAD0067F7C8 /* GFHLoginViewController.m in Sources */,
				D3D7AB681C2CCE1B0067F7C8 /* PlayingCard.m in Sources */,
				D3D7AB761C2CD7260067F7C8 /* MatchPerspective.m in Sources */,
				D3D7AB6E1C2CD3A30067F7C8 /* AppDelegate.m in Sources */,
				D3D7AC2C1C2D5C0E0067F7C8 /* GFHMatchSetupViewController.m in Sources */,
				D3D7AB731C2CD6C50067F7C8 /* main.m in Sources */,
			);
			runOnlyForDeploymentPostprocessing = 0;
		};
		D31F58A11C1F5DAF00A3E3B9 /* Sources */ = {
			isa = PBXSourcesBuildPhase;
			buildActionMask = 2147483647;
			files = (
				D31F58E41C20764500A3E3B9 /* MatchPerspectiveTests.m in Sources */,
				D31F58D41C1F631900A3E3B9 /* RespositoryTests.m in Sources */,
				D31F58CA1C1F5EA100A3E3B9 /* PlayingCardTests.m in Sources */,
				D31F58DC1C1F6E9800A3E3B9 /* PlayerTests.m in Sources */,
				D38E8EC41C2498C60049AC2F /* UserTests.m in Sources */,
				D38E8ECD1C24BFA30049AC2F /* GFHMockServer.m in Sources */,
			);
			runOnlyForDeploymentPostprocessing = 0;
		};
		D31F58AC1C1F5DAF00A3E3B9 /* Sources */ = {
			isa = PBXSourcesBuildPhase;
			buildActionMask = 2147483647;
			files = (
				D31F58B51C1F5DAF00A3E3B9 /* GoFishUITests.m in Sources */,
			);
			runOnlyForDeploymentPostprocessing = 0;
		};
/* End PBXSourcesBuildPhase section */

/* Begin PBXTargetDependency section */
		D31F58A71C1F5DAF00A3E3B9 /* PBXTargetDependency */ = {
			isa = PBXTargetDependency;
			target = D31F588B1C1F5DAF00A3E3B9 /* GoFish */;
			targetProxy = D31F58A61C1F5DAF00A3E3B9 /* PBXContainerItemProxy */;
		};
		D31F58B21C1F5DAF00A3E3B9 /* PBXTargetDependency */ = {
			isa = PBXTargetDependency;
			target = D31F588B1C1F5DAF00A3E3B9 /* GoFish */;
			targetProxy = D31F58B11C1F5DAF00A3E3B9 /* PBXContainerItemProxy */;
		};
/* End PBXTargetDependency section */

/* Begin XCBuildConfiguration section */
		D31F58B71C1F5DAF00A3E3B9 /* Debug */ = {
			isa = XCBuildConfiguration;
			buildSettings = {
				ALWAYS_SEARCH_USER_PATHS = NO;
				ASSETCATALOG_COMPILER_APPICON_NAME = AppIcon;
				CLANG_CXX_LANGUAGE_STANDARD = "gnu++0x";
				CLANG_CXX_LIBRARY = "libc++";
				CLANG_ENABLE_MODULES = YES;
				CLANG_ENABLE_OBJC_ARC = YES;
				CLANG_WARN_BOOL_CONVERSION = YES;
				CLANG_WARN_CONSTANT_CONVERSION = YES;
				CLANG_WARN_DIRECT_OBJC_ISA_USAGE = YES_ERROR;
				CLANG_WARN_EMPTY_BODY = YES;
				CLANG_WARN_ENUM_CONVERSION = YES;
				CLANG_WARN_INT_CONVERSION = YES;
				CLANG_WARN_OBJC_ROOT_CLASS = YES_ERROR;
				CLANG_WARN_UNREACHABLE_CODE = YES;
				CLANG_WARN__DUPLICATE_METHOD_MATCH = YES;
				"CODE_SIGN_IDENTITY[sdk=iphoneos*]" = "iPhone Developer";
				COPY_PHASE_STRIP = NO;
				DEBUG_INFORMATION_FORMAT = dwarf;
				ENABLE_STRICT_OBJC_MSGSEND = YES;
				ENABLE_TESTABILITY = YES;
				GCC_C_LANGUAGE_STANDARD = gnu99;
				GCC_DYNAMIC_NO_PIC = NO;
				GCC_NO_COMMON_BLOCKS = YES;
				GCC_OPTIMIZATION_LEVEL = 0;
				GCC_PREPROCESSOR_DEFINITIONS = (
					"DEBUG=1",
					"$(inherited)",
				);
				GCC_WARN_64_TO_32_BIT_CONVERSION = YES;
				GCC_WARN_ABOUT_RETURN_TYPE = YES_ERROR;
				GCC_WARN_UNDECLARED_SELECTOR = YES;
				GCC_WARN_UNINITIALIZED_AUTOS = YES_AGGRESSIVE;
				GCC_WARN_UNUSED_FUNCTION = YES;
				GCC_WARN_UNUSED_VARIABLE = YES;
				IPHONEOS_DEPLOYMENT_TARGET = 9.1;
				MTL_ENABLE_DEBUG_INFO = YES;
				ONLY_ACTIVE_ARCH = YES;
				SDKROOT = iphoneos;
				TARGETED_DEVICE_FAMILY = 2;
			};
			name = Debug;
		};
		D31F58B81C1F5DAF00A3E3B9 /* Release */ = {
			isa = XCBuildConfiguration;
			buildSettings = {
				ALWAYS_SEARCH_USER_PATHS = NO;
				ASSETCATALOG_COMPILER_APPICON_NAME = AppIcon;
				CLANG_CXX_LANGUAGE_STANDARD = "gnu++0x";
				CLANG_CXX_LIBRARY = "libc++";
				CLANG_ENABLE_MODULES = YES;
				CLANG_ENABLE_OBJC_ARC = YES;
				CLANG_WARN_BOOL_CONVERSION = YES;
				CLANG_WARN_CONSTANT_CONVERSION = YES;
				CLANG_WARN_DIRECT_OBJC_ISA_USAGE = YES_ERROR;
				CLANG_WARN_EMPTY_BODY = YES;
				CLANG_WARN_ENUM_CONVERSION = YES;
				CLANG_WARN_INT_CONVERSION = YES;
				CLANG_WARN_OBJC_ROOT_CLASS = YES_ERROR;
				CLANG_WARN_UNREACHABLE_CODE = YES;
				CLANG_WARN__DUPLICATE_METHOD_MATCH = YES;
				"CODE_SIGN_IDENTITY[sdk=iphoneos*]" = "iPhone Developer";
				COPY_PHASE_STRIP = NO;
				DEBUG_INFORMATION_FORMAT = "dwarf-with-dsym";
				ENABLE_NS_ASSERTIONS = NO;
				ENABLE_STRICT_OBJC_MSGSEND = YES;
				GCC_C_LANGUAGE_STANDARD = gnu99;
				GCC_NO_COMMON_BLOCKS = YES;
				GCC_WARN_64_TO_32_BIT_CONVERSION = YES;
				GCC_WARN_ABOUT_RETURN_TYPE = YES_ERROR;
				GCC_WARN_UNDECLARED_SELECTOR = YES;
				GCC_WARN_UNINITIALIZED_AUTOS = YES_AGGRESSIVE;
				GCC_WARN_UNUSED_FUNCTION = YES;
				GCC_WARN_UNUSED_VARIABLE = YES;
				IPHONEOS_DEPLOYMENT_TARGET = 9.1;
				MTL_ENABLE_DEBUG_INFO = NO;
				SDKROOT = iphoneos;
				TARGETED_DEVICE_FAMILY = 2;
				VALIDATE_PRODUCT = YES;
			};
			name = Release;
		};
		D31F58BA1C1F5DAF00A3E3B9 /* Debug */ = {
			isa = XCBuildConfiguration;
			buildSettings = {
				ASSETCATALOG_COMPILER_APPICON_NAME = AppIcon;
				FRAMEWORK_SEARCH_PATHS = (
					"$(inherited)",
					"$(PROJECT_DIR)/Carthage/Build/iOS",
				);
				INFOPLIST_FILE = "$(SRCROOT)/Info.plist";
				LD_RUNPATH_SEARCH_PATHS = "$(inherited) @executable_path/Frameworks";
				LIBRARY_SEARCH_PATHS = (
					"$(inherited)",
					"$(PROJECT_DIR)",
				);
				OTHER_LDFLAGS = "-all_load";
				PRODUCT_BUNDLE_IDENTIFIER = com.rolemodelsoftware.com.GoFish;
				PRODUCT_NAME = "$(TARGET_NAME)";
			};
			name = Debug;
		};
		D31F58BB1C1F5DAF00A3E3B9 /* Release */ = {
			isa = XCBuildConfiguration;
			buildSettings = {
				ASSETCATALOG_COMPILER_APPICON_NAME = AppIcon;
				FRAMEWORK_SEARCH_PATHS = (
					"$(inherited)",
					"$(PROJECT_DIR)/Carthage/Build/iOS",
				);
				INFOPLIST_FILE = "$(SRCROOT)/Info.plist";
				LD_RUNPATH_SEARCH_PATHS = "$(inherited) @executable_path/Frameworks";
				LIBRARY_SEARCH_PATHS = (
					"$(inherited)",
					"$(PROJECT_DIR)",
				);
				OTHER_LDFLAGS = "-all_load";
				PRODUCT_BUNDLE_IDENTIFIER = com.rolemodelsoftware.com.GoFish;
				PRODUCT_NAME = "$(TARGET_NAME)";
			};
			name = Release;
		};
		D31F58BD1C1F5DAF00A3E3B9 /* Debug */ = {
			isa = XCBuildConfiguration;
			buildSettings = {
				BUNDLE_LOADER = "$(TEST_HOST)";
				EMBEDDED_CONTENT_CONTAINS_SWIFT = YES;
				FRAMEWORK_SEARCH_PATHS = (
					"$(inherited)",
					"$(PROJECT_DIR)/Carthage/Build/iOS",
				);
				INFOPLIST_FILE = GoFishTests/Info.plist;
				LD_RUNPATH_SEARCH_PATHS = "$(inherited) @executable_path/Frameworks @loader_path/Frameworks";
				LIBRARY_SEARCH_PATHS = "";
				PRODUCT_BUNDLE_IDENTIFIER = com.rolemodelsoftware.com.GoFishTests;
				PRODUCT_NAME = "$(TARGET_NAME)";
				TEST_HOST = "$(BUILT_PRODUCTS_DIR)/GoFish.app/GoFish";
			};
			name = Debug;
		};
		D31F58BE1C1F5DAF00A3E3B9 /* Release */ = {
			isa = XCBuildConfiguration;
			buildSettings = {
				BUNDLE_LOADER = "$(TEST_HOST)";
				EMBEDDED_CONTENT_CONTAINS_SWIFT = YES;
				FRAMEWORK_SEARCH_PATHS = (
					"$(inherited)",
					"$(PROJECT_DIR)/Carthage/Build/iOS",
				);
				INFOPLIST_FILE = GoFishTests/Info.plist;
				LD_RUNPATH_SEARCH_PATHS = "$(inherited) @executable_path/Frameworks @loader_path/Frameworks";
				LIBRARY_SEARCH_PATHS = "";
				PRODUCT_BUNDLE_IDENTIFIER = com.rolemodelsoftware.com.GoFishTests;
				PRODUCT_NAME = "$(TARGET_NAME)";
				TEST_HOST = "$(BUILT_PRODUCTS_DIR)/GoFish.app/GoFish";
			};
			name = Release;
		};
		D31F58C01C1F5DAF00A3E3B9 /* Debug */ = {
			isa = XCBuildConfiguration;
			buildSettings = {
				INFOPLIST_FILE = GoFishUITests/Info.plist;
				LD_RUNPATH_SEARCH_PATHS = "$(inherited) @executable_path/Frameworks @loader_path/Frameworks";
				PRODUCT_BUNDLE_IDENTIFIER = com.rolemodelsoftware.com.GoFishUITests;
				PRODUCT_NAME = "$(TARGET_NAME)";
				TEST_TARGET_NAME = GoFish;
				USES_XCTRUNNER = YES;
			};
			name = Debug;
		};
		D31F58C11C1F5DAF00A3E3B9 /* Release */ = {
			isa = XCBuildConfiguration;
			buildSettings = {
				INFOPLIST_FILE = GoFishUITests/Info.plist;
				LD_RUNPATH_SEARCH_PATHS = "$(inherited) @executable_path/Frameworks @loader_path/Frameworks";
				PRODUCT_BUNDLE_IDENTIFIER = com.rolemodelsoftware.com.GoFishUITests;
				PRODUCT_NAME = "$(TARGET_NAME)";
				TEST_TARGET_NAME = GoFish;
				USES_XCTRUNNER = YES;
			};
			name = Release;
		};
/* End XCBuildConfiguration section */

/* Begin XCConfigurationList section */
		D31F58871C1F5DAF00A3E3B9 /* Build configuration list for PBXProject "GoFish" */ = {
			isa = XCConfigurationList;
			buildConfigurations = (
				D31F58B71C1F5DAF00A3E3B9 /* Debug */,
				D31F58B81C1F5DAF00A3E3B9 /* Release */,
			);
			defaultConfigurationIsVisible = 0;
			defaultConfigurationName = Release;
		};
		D31F58B91C1F5DAF00A3E3B9 /* Build configuration list for PBXNativeTarget "GoFish" */ = {
			isa = XCConfigurationList;
			buildConfigurations = (
				D31F58BA1C1F5DAF00A3E3B9 /* Debug */,
				D31F58BB1C1F5DAF00A3E3B9 /* Release */,
			);
			defaultConfigurationIsVisible = 0;
			defaultConfigurationName = Release;
		};
		D31F58BC1C1F5DAF00A3E3B9 /* Build configuration list for PBXNativeTarget "GoFishTests" */ = {
			isa = XCConfigurationList;
			buildConfigurations = (
				D31F58BD1C1F5DAF00A3E3B9 /* Debug */,
				D31F58BE1C1F5DAF00A3E3B9 /* Release */,
			);
			defaultConfigurationIsVisible = 0;
			defaultConfigurationName = Release;
		};
		D31F58BF1C1F5DAF00A3E3B9 /* Build configuration list for PBXNativeTarget "GoFishUITests" */ = {
			isa = XCConfigurationList;
			buildConfigurations = (
				D31F58C01C1F5DAF00A3E3B9 /* Debug */,
				D31F58C11C1F5DAF00A3E3B9 /* Release */,
			);
			defaultConfigurationIsVisible = 0;
			defaultConfigurationName = Release;
		};
/* End XCConfigurationList section */
	};
	rootObject = D31F58841C1F5DAF00A3E3B9 /* Project object */;
}
